<?xml version="1.0" encoding="utf-8"?>
<Project ToolsVersion="4.0" xmlns="http://schemas.microsoft.com/developer/msbuild/2003">
  <ItemGroup>
    <CudaCompile Include="..\src\GPUutils\GPUCudaCleaner.cu">
      <Filter>GPUutils</Filter>
    </CudaCompile>
    <CudaCompile Include="..\src\GPUutils\GPURandomizer.cu">
      <Filter>GPUutils</Filter>
    </CudaCompile>
    <CudaCompile Include="..\src\GPUutils\GPUStream.cu">
      <Filter>GPUutils</Filter>
    </CudaCompile>
    <CudaCompile Include="..\src\graph\graphGPU.cu">
      <Filter>graph</Filter>
    </CudaCompile>
    <CudaCompile Include="..\src\graph_coloring\coloringLuby.cu">
      <Filter>graph_coloring</Filter>
    </CudaCompile>
    <CudaCompile Include="..\src\graph_coloring\coloringLubyFast.cu">
      <Filter>graph_coloring</Filter>
    </CudaCompile>
    <CudaCompile Include="..\src\testColoring_Benchmark.cu" />
    <CudaCompile Include="..\src\graph_coloring\coloringMCMC_balance.cu">
      <Filter>graph_coloring</Filter>
    </CudaCompile>
    <CudaCompile Include="..\src\graph_coloring\coloringMCMC_decrease.cu">
      <Filter>graph_coloring</Filter>
    </CudaCompile>
    <CudaCompile Include="..\src\graph_coloring\coloringMCMC_standard.cu">
      <Filter>graph_coloring</Filter>
    </CudaCompile>
    <CudaCompile Include="..\src\graph_coloring\coloringMCMC_main.cu">
      <Filter>graph_coloring</Filter>
    </CudaCompile>
    <CudaCompile Include="..\src\graph_coloring\coloringMCMC_utils.cu">
      <Filter>graph_coloring</Filter>
    </CudaCompile>
  </ItemGroup>
  <ItemGroup>
    <Filter Include="graph">
      <UniqueIdentifier>{76350f7b-7d95-4c8d-8925-fcb79a77b90c}</UniqueIdentifier>
    </Filter>
    <Filter Include="utils">
      <UniqueIdentifier>{82dd3a00-de9b-4d93-b352-adb209216efa}</UniqueIdentifier>
    </Filter>
    <Filter Include="GPUutils">
      <UniqueIdentifier>{0c69e99d-9d3d-473e-a742-64a7f057a135}</UniqueIdentifier>
    </Filter>
    <Filter Include="getopt">
      <UniqueIdentifier>{ca149c27-c741-4ee3-8701-a12da8dbd565}</UniqueIdentifier>
    </Filter>
    <Filter Include="graph_coloring">
      <UniqueIdentifier>{6b5954f4-f71e-416c-9d24-022f859c4f5e}</UniqueIdentifier>
    </Filter>
    <Filter Include="easyloggingpp">
      <UniqueIdentifier>{05d91284-fd8b-44d8-a941-0d22f72fbd21}</UniqueIdentifier>
    </Filter>
  </ItemGroup>
  <ItemGroup>
    <ClInclude Include="..\src\getopt\getopt.h">
      <Filter>getopt</Filter>
    </ClInclude>
    <ClInclude Include="..\src\GPUutils\GPUCudaCleaner.h">
      <Filter>GPUutils</Filter>
    </ClInclude>
    <ClInclude Include="..\src\GPUutils\GPURandomizer.h">
      <Filter>GPUutils</Filter>
    </ClInclude>
    <ClInclude Include="..\src\GPUutils\GPUStream.h">
      <Filter>GPUutils</Filter>
    </ClInclude>
    <ClInclude Include="..\src\GPUutils\GPUutils.h">
      <Filter>GPUutils</Filter>
    </ClInclude>
    <ClInclude Include="..\src\graph\graph.h">
      <Filter>graph</Filter>
    </ClInclude>
    <ClInclude Include="..\src\graph_coloring\coloring.h">
      <Filter>graph_coloring</Filter>
    </ClInclude>
    <ClInclude Include="..\src\graph_coloring\coloringLuby.h">
      <Filter>graph_coloring</Filter>
    </ClInclude>
    <ClInclude Include="..\src\graph_coloring\coloringMCMC.h">
      <Filter>graph_coloring</Filter>
    </ClInclude>
    <ClInclude Include="..\src\utils\ArgHandle.h">
      <Filter>utils</Filter>
    </ClInclude>
    <ClInclude Include="..\src\utils\fileExporter.h">
      <Filter>utils</Filter>
    </ClInclude>
    <ClInclude Include="..\src\utils\fileImporter.h">
      <Filter>utils</Filter>
    </ClInclude>
    <ClInclude Include="..\src\utils\timer.h">
      <Filter>utils</Filter>
    </ClInclude>
    <ClInclude Include="..\src\easyloggingpp\easyloggingpp\easylogging++.h">
      <Filter>easyloggingpp</Filter>
    </ClInclude>
    <ClInclude Include="..\src\utils\miscUtils.h">
      <Filter>utils</Filter>
    </ClInclude>
    <ClInclude Include="..\src\utils\dbg.h">
      <Filter>utils</Filter>
    </ClInclude>
    <ClInclude Include="..\src\graph_coloring\coloringMCMC_CPU.h">
      <Filter>graph_coloring</Filter>
    </ClInclude>
  </ItemGroup>
  <ItemGroup>
    <ClCompile Include="..\src\graph\graphCPU.cpp">
      <Filter>graph</Filter>
    </ClCompile>
    <ClCompile Include="..\src\graph_coloring\colorer.cpp">
      <Filter>graph_coloring</Filter>
    </ClCompile>
    <ClCompile Include="..\src\utils\ArgHandle.cpp">
      <Filter>utils</Filter>
    </ClCompile>
    <ClCompile Include="..\src\utils\fileExporter.cpp">
      <Filter>utils</Filter>
    </ClCompile>
    <ClCompile Include="..\src\utils\fileImporter.cpp">
      <Filter>utils</Filter>
    </ClCompile>
    <ClCompile Include="..\src\utils\timer.cpp">
      <Filter>utils</Filter>
    </ClCompile>
    <ClCompile Include="..\src\easyloggingpp\easyloggingpp\easylogging++.cc">
      <Filter>easyloggingpp</Filter>
    </ClCompile>
    <ClCompile Include="..\src\utils\dbg.cpp">
      <Filter>utils</Filter>
    </ClCompile>
    <ClCompile Include="..\src\graph_coloring\coloringMCMC_CPU.cpp">
      <Filter>graph_coloring</Filter>
    </ClCompile>
    <ClCompile Include="..\src\graph_coloring\coloringMCMC_CPUutils.cpp">
      <Filter>graph_coloring</Filter>
    </ClCompile>
  </ItemGroup>
</Project>