
Microsoft Visual Studio Solution File, Format Version 12.00
# Visual Studio 15
VisualStudioVersion = 15.0.28010.2026
MinimumVisualStudioVersion = 10.0.40219.1
Project("{8BC9CEB8-8B4A-11D0-8D11-00A0C91BC942}") = "ColorerProject", "ColorerProject\colorerProject.vcxproj", "{CD20A0AE-AFEF-4521-8EE2-01B6CB86EC1E}"
EndProject
Global
	GlobalSection(SolutionConfigurationPlatforms) = preSolution
		Debug|x64 = Debug|x64
		Release|x64 = Release|x64
	EndGlobalSection
	GlobalSection(ProjectConfigurationPlatforms) = postSolution
		{CD20A0AE-AFEF-4521-8EE2-01B6CB86EC1E}.Debug|x64.ActiveCfg = Debug|x64
		{CD20A0AE-AFEF-4521-8EE2-01B6CB86EC1E}.Debug|x64.Build.0 = Debug|x64
		{CD20A0AE-AFEF-4521-8EE2-01B6CB86EC1E}.Release|x64.ActiveCfg = Release|x64
		{CD20A0AE-AFEF-4521-8EE2-01B6CB86EC1E}.Release|x64.Build.0 = Release|x64
	EndGlobalSection
	GlobalSection(SolutionProperties) = preSolution
		HideSolutionNode = FALSE
	EndGlobalSection
	GlobalSection(ExtensibilityGlobals) = postSolution
		SolutionGuid = {89FF90E0-D9AF-441B-8288-8E6EF6F6054D}
	EndGlobalSection
EndGlobal
