
Microsoft Visual Studio Solution File, Format Version 12.00
# Visual Studio 15
VisualStudioVersion = 15.0.28010.2026
MinimumVisualStudioVersion = 10.0.40219.1
Project("{8BC9CEB8-8B4A-11D0-8D11-00A0C91BC942}") = "ColorerProject", "ColorerProject\colorerProject.vcxproj", "{CD20A0AE-AFEF-4521-8EE2-01B6CB86EC1E}"
EndProject
Project("{8BC9CEB8-8B4A-11D0-8D11-00A0C91BC942}") = "DatasetGenerator", "DatasetGenerator\DatasetGenerator.vcxproj", "{6F910F34-72B3-428A-B3E4-1D1370DE9742}"
EndProject
Project("{8BC9CEB8-8B4A-11D0-8D11-00A0C91BC942}") = "ColorerProject", "ColorerProject\ColorerProject_cuda 10.0.vcxproj", "{EA34DE3B-9E7A-43B2-8059-7B50A9E243CF}"
EndProject
Global
	GlobalSection(SolutionConfigurationPlatforms) = preSolution
		Debug|x64 = Debug|x64
		Debug|x86 = Debug|x86
		Release|x64 = Release|x64
		Release|x86 = Release|x86
	EndGlobalSection
	GlobalSection(ProjectConfigurationPlatforms) = postSolution
		{CD20A0AE-AFEF-4521-8EE2-01B6CB86EC1E}.Debug|x64.ActiveCfg = Debug|x64
		{CD20A0AE-AFEF-4521-8EE2-01B6CB86EC1E}.Debug|x64.Build.0 = Debug|x64
		{CD20A0AE-AFEF-4521-8EE2-01B6CB86EC1E}.Debug|x86.ActiveCfg = Debug|x64
		{CD20A0AE-AFEF-4521-8EE2-01B6CB86EC1E}.Release|x64.ActiveCfg = Release|x64
		{CD20A0AE-AFEF-4521-8EE2-01B6CB86EC1E}.Release|x64.Build.0 = Release|x64
		{CD20A0AE-AFEF-4521-8EE2-01B6CB86EC1E}.Release|x86.ActiveCfg = Release|x64
		{6F910F34-72B3-428A-B3E4-1D1370DE9742}.Debug|x64.ActiveCfg = Debug|x64
		{6F910F34-72B3-428A-B3E4-1D1370DE9742}.Debug|x64.Build.0 = Debug|x64
		{6F910F34-72B3-428A-B3E4-1D1370DE9742}.Debug|x86.ActiveCfg = Debug|Win32
		{6F910F34-72B3-428A-B3E4-1D1370DE9742}.Debug|x86.Build.0 = Debug|Win32
		{6F910F34-72B3-428A-B3E4-1D1370DE9742}.Release|x64.ActiveCfg = Release|x64
		{6F910F34-72B3-428A-B3E4-1D1370DE9742}.Release|x64.Build.0 = Release|x64
		{6F910F34-72B3-428A-B3E4-1D1370DE9742}.Release|x86.ActiveCfg = Release|Win32
		{6F910F34-72B3-428A-B3E4-1D1370DE9742}.Release|x86.Build.0 = Release|Win32
		{EA34DE3B-9E7A-43B2-8059-7B50A9E243CF}.Debug|x64.ActiveCfg = Debug|x64
		{EA34DE3B-9E7A-43B2-8059-7B50A9E243CF}.Debug|x64.Build.0 = Debug|x64
		{EA34DE3B-9E7A-43B2-8059-7B50A9E243CF}.Debug|x86.ActiveCfg = Debug|x64
		{EA34DE3B-9E7A-43B2-8059-7B50A9E243CF}.Release|x64.ActiveCfg = Release|x64
		{EA34DE3B-9E7A-43B2-8059-7B50A9E243CF}.Release|x64.Build.0 = Release|x64
		{EA34DE3B-9E7A-43B2-8059-7B50A9E243CF}.Release|x86.ActiveCfg = Release|x64
	EndGlobalSection
	GlobalSection(SolutionProperties) = preSolution
		HideSolutionNode = FALSE
	EndGlobalSection
	GlobalSection(ExtensibilityGlobals) = postSolution
		SolutionGuid = {89FF90E0-D9AF-441B-8288-8E6EF6F6054D}
	EndGlobalSection
EndGlobal
